// !$*UTF8*$!
{
	archiveVersion = 1;
	classes = {
	};
	objectVersion = 56;
	objects = {

/* Begin PBXBuildFile section */
		2C062CAB2A4F2ED7002020BB /* tip_calculatorSnapshotTests.swift in Sources */ = {isa = PBXBuildFile; fileRef = 2C062CAA2A4F2ED7002020BB /* tip_calculatorSnapshotTests.swift */; };
		2CA76BE32A4ED3E300CD7937 /* Int+Extension.swift in Sources */ = {isa = PBXBuildFile; fileRef = 2CA76BE22A4ED3E300CD7937 /* Int+Extension.swift */; };
		2CA76BE52A4F00C400CD7937 /* Double+Extension.swift in Sources */ = {isa = PBXBuildFile; fileRef = 2CA76BE42A4F00C400CD7937 /* Double+Extension.swift */; };
		2CA76BE82A4F0D1200CD7937 /* click.m4a in Resources */ = {isa = PBXBuildFile; fileRef = 2CA76BE72A4F0D1200CD7937 /* click.m4a */; };
		2CA76BEB2A4F0D4B00CD7937 /* AudioPlayerService.swift in Sources */ = {isa = PBXBuildFile; fileRef = 2CA76BEA2A4F0D4B00CD7937 /* AudioPlayerService.swift */; };
		2CB554AB2A4DC4F200CE2ACA /* AppDelegate.swift in Sources */ = {isa = PBXBuildFile; fileRef = 2CB554AA2A4DC4F200CE2ACA /* AppDelegate.swift */; };
		2CB554AD2A4DC4F200CE2ACA /* SceneDelegate.swift in Sources */ = {isa = PBXBuildFile; fileRef = 2CB554AC2A4DC4F200CE2ACA /* SceneDelegate.swift */; };
		2CB554AF2A4DC4F200CE2ACA /* CalculatorVC.swift in Sources */ = {isa = PBXBuildFile; fileRef = 2CB554AE2A4DC4F200CE2ACA /* CalculatorVC.swift */; };
		2CB554B42A4DC4F300CE2ACA /* Assets.xcassets in Resources */ = {isa = PBXBuildFile; fileRef = 2CB554B32A4DC4F300CE2ACA /* Assets.xcassets */; };
		2CB554B72A4DC4F300CE2ACA /* LaunchScreen.storyboard in Resources */ = {isa = PBXBuildFile; fileRef = 2CB554B52A4DC4F300CE2ACA /* LaunchScreen.storyboard */; };
		2CB554C22A4DC4F300CE2ACA /* tip_calculatorTests.swift in Sources */ = {isa = PBXBuildFile; fileRef = 2CB554C12A4DC4F300CE2ACA /* tip_calculatorTests.swift */; };
		2CB554CC2A4DC4F300CE2ACA /* tip_calculatorUITests.swift in Sources */ = {isa = PBXBuildFile; fileRef = 2CB554CB2A4DC4F300CE2ACA /* tip_calculatorUITests.swift */; };
		2CB554CE2A4DC4F300CE2ACA /* tip_calculatorUITestsLaunchTests.swift in Sources */ = {isa = PBXBuildFile; fileRef = 2CB554CD2A4DC4F300CE2ACA /* tip_calculatorUITestsLaunchTests.swift */; };
		2CB554DC2A4DC56B00CE2ACA /* CombineCocoa in Frameworks */ = {isa = PBXBuildFile; productRef = 2CB554DB2A4DC56B00CE2ACA /* CombineCocoa */; };
		2CE26B392A4DC5B600937437 /* SnapKit in Frameworks */ = {isa = PBXBuildFile; productRef = 2CE26B382A4DC5B600937437 /* SnapKit */; };
		2CE26B3C2A4DC5F000937437 /* CombineCocoa in Frameworks */ = {isa = PBXBuildFile; productRef = 2CE26B3B2A4DC5F000937437 /* CombineCocoa */; };
		2CE26B3F2A4DC62200937437 /* SnapshotTesting in Frameworks */ = {isa = PBXBuildFile; productRef = 2CE26B3E2A4DC62200937437 /* SnapshotTesting */; };
		2CE26B412A4DC65600937437 /* CombineCocoa in Frameworks */ = {isa = PBXBuildFile; productRef = 2CE26B402A4DC65600937437 /* CombineCocoa */; };
		2CE26B442A4DCC4F00937437 /* LogoView.swift in Sources */ = {isa = PBXBuildFile; fileRef = 2CE26B432A4DCC4F00937437 /* LogoView.swift */; };
		2CE26B462A4DCD3500937437 /* ResultView.swift in Sources */ = {isa = PBXBuildFile; fileRef = 2CE26B452A4DCD3500937437 /* ResultView.swift */; };
		2CE26B482A4DCD5200937437 /* BillInputView.swift in Sources */ = {isa = PBXBuildFile; fileRef = 2CE26B472A4DCD5200937437 /* BillInputView.swift */; };
		2CE26B4A2A4DCD6500937437 /* TipInputView.swift in Sources */ = {isa = PBXBuildFile; fileRef = 2CE26B492A4DCD6500937437 /* TipInputView.swift */; };
		2CE26B4C2A4DCD7900937437 /* SplitInputView.swift in Sources */ = {isa = PBXBuildFile; fileRef = 2CE26B4B2A4DCD7900937437 /* SplitInputView.swift */; };
		2CE26B4F2A4DD62200937437 /* ThemeColor.swift in Sources */ = {isa = PBXBuildFile; fileRef = 2CE26B4E2A4DD62200937437 /* ThemeColor.swift */; };
		2CE26B512A4DD63100937437 /* ThemeFont.swift in Sources */ = {isa = PBXBuildFile; fileRef = 2CE26B502A4DD63100937437 /* ThemeFont.swift */; };
		2CE26B542A4DD67600937437 /* UIColor+Extension.swift in Sources */ = {isa = PBXBuildFile; fileRef = 2CE26B532A4DD67600937437 /* UIColor+Extension.swift */; };
		2CE26B572A4DDD1200937437 /* LabelFactory.swift in Sources */ = {isa = PBXBuildFile; fileRef = 2CE26B562A4DDD1200937437 /* LabelFactory.swift */; };
		2CE26B592A4E5A2F00937437 /* UIView+Extension.swift in Sources */ = {isa = PBXBuildFile; fileRef = 2CE26B582A4E5A2F00937437 /* UIView+Extension.swift */; };
		2CE26B5B2A4E6B3700937437 /* AmountView.swift in Sources */ = {isa = PBXBuildFile; fileRef = 2CE26B5A2A4E6B3700937437 /* AmountView.swift */; };
		2CE26B5E2A4E79E200937437 /* HeaderView.swift in Sources */ = {isa = PBXBuildFile; fileRef = 2CE26B5D2A4E79E200937437 /* HeaderView.swift */; };
		2CE26B612A4E80B300937437 /* Tip.swift in Sources */ = {isa = PBXBuildFile; fileRef = 2CE26B602A4E80B300937437 /* Tip.swift */; };
		2CE26B642A4E911F00937437 /* CalculatorVM.swift in Sources */ = {isa = PBXBuildFile; fileRef = 2CE26B632A4E911F00937437 /* CalculatorVM.swift */; };
		2CE26B662A4EB5D300937437 /* Result.swift in Sources */ = {isa = PBXBuildFile; fileRef = 2CE26B652A4EB5D300937437 /* Result.swift */; };
		2CE26B682A4EBB7000937437 /* String+Extension.swift in Sources */ = {isa = PBXBuildFile; fileRef = 2CE26B672A4EBB7000937437 /* String+Extension.swift */; };
		2CE26B6A2A4EC52A00937437 /* UIResponder+Extension.swift in Sources */ = {isa = PBXBuildFile; fileRef = 2CE26B692A4EC52A00937437 /* UIResponder+Extension.swift */; };
/* End PBXBuildFile section */

/* Begin PBXContainerItemProxy section */
		2CB554BE2A4DC4F300CE2ACA /* PBXContainerItemProxy */ = {
			isa = PBXContainerItemProxy;
			containerPortal = 2CB5549F2A4DC4F200CE2ACA /* Project object */;
			proxyType = 1;
			remoteGlobalIDString = 2CB554A62A4DC4F200CE2ACA;
			remoteInfo = "tip-calculator";
		};
		2CB554C82A4DC4F300CE2ACA /* PBXContainerItemProxy */ = {
			isa = PBXContainerItemProxy;
			containerPortal = 2CB5549F2A4DC4F200CE2ACA /* Project object */;
			proxyType = 1;
			remoteGlobalIDString = 2CB554A62A4DC4F200CE2ACA;
			remoteInfo = "tip-calculator";
		};
/* End PBXContainerItemProxy section */

/* Begin PBXFileReference section */
		2C062CA92A4F249B002020BB /* tip-calculator.xctestplan */ = {isa = PBXFileReference; lastKnownFileType = text; name = "tip-calculator.xctestplan"; path = "../tip-calculator.xctestplan"; sourceTree = "<group>"; };
		2C062CAA2A4F2ED7002020BB /* tip_calculatorSnapshotTests.swift */ = {isa = PBXFileReference; lastKnownFileType = sourcecode.swift; path = tip_calculatorSnapshotTests.swift; sourceTree = "<group>"; };
		2CA76BE22A4ED3E300CD7937 /* Int+Extension.swift */ = {isa = PBXFileReference; lastKnownFileType = sourcecode.swift; path = "Int+Extension.swift"; sourceTree = "<group>"; };
		2CA76BE42A4F00C400CD7937 /* Double+Extension.swift */ = {isa = PBXFileReference; lastKnownFileType = sourcecode.swift; path = "Double+Extension.swift"; sourceTree = "<group>"; };
		2CA76BE72A4F0D1200CD7937 /* click.m4a */ = {isa = PBXFileReference; lastKnownFileType = file; path = click.m4a; sourceTree = "<group>"; };
		2CA76BEA2A4F0D4B00CD7937 /* AudioPlayerService.swift */ = {isa = PBXFileReference; lastKnownFileType = sourcecode.swift; path = AudioPlayerService.swift; sourceTree = "<group>"; };
		2CB554A72A4DC4F200CE2ACA /* tip-calculator.app */ = {isa = PBXFileReference; explicitFileType = wrapper.application; includeInIndex = 0; path = "tip-calculator.app"; sourceTree = BUILT_PRODUCTS_DIR; };
		2CB554AA2A4DC4F200CE2ACA /* AppDelegate.swift */ = {isa = PBXFileReference; lastKnownFileType = sourcecode.swift; path = AppDelegate.swift; sourceTree = "<group>"; };
		2CB554AC2A4DC4F200CE2ACA /* SceneDelegate.swift */ = {isa = PBXFileReference; lastKnownFileType = sourcecode.swift; path = SceneDelegate.swift; sourceTree = "<group>"; wrapsLines = 1; };
		2CB554AE2A4DC4F200CE2ACA /* CalculatorVC.swift */ = {isa = PBXFileReference; lastKnownFileType = sourcecode.swift; path = CalculatorVC.swift; sourceTree = "<group>"; };
		2CB554B32A4DC4F300CE2ACA /* Assets.xcassets */ = {isa = PBXFileReference; lastKnownFileType = folder.assetcatalog; path = Assets.xcassets; sourceTree = "<group>"; };
		2CB554B62A4DC4F300CE2ACA /* Base */ = {isa = PBXFileReference; lastKnownFileType = file.storyboard; name = Base; path = Base.lproj/LaunchScreen.storyboard; sourceTree = "<group>"; };
		2CB554B82A4DC4F300CE2ACA /* Info.plist */ = {isa = PBXFileReference; lastKnownFileType = text.plist.xml; path = Info.plist; sourceTree = "<group>"; };
		2CB554BD2A4DC4F300CE2ACA /* tip-calculatorTests.xctest */ = {isa = PBXFileReference; explicitFileType = wrapper.cfbundle; includeInIndex = 0; path = "tip-calculatorTests.xctest"; sourceTree = BUILT_PRODUCTS_DIR; };
		2CB554C12A4DC4F300CE2ACA /* tip_calculatorTests.swift */ = {isa = PBXFileReference; lastKnownFileType = sourcecode.swift; path = tip_calculatorTests.swift; sourceTree = "<group>"; };
		2CB554C72A4DC4F300CE2ACA /* tip-calculatorUITests.xctest */ = {isa = PBXFileReference; explicitFileType = wrapper.cfbundle; includeInIndex = 0; path = "tip-calculatorUITests.xctest"; sourceTree = BUILT_PRODUCTS_DIR; };
		2CB554CB2A4DC4F300CE2ACA /* tip_calculatorUITests.swift */ = {isa = PBXFileReference; lastKnownFileType = sourcecode.swift; path = tip_calculatorUITests.swift; sourceTree = "<group>"; };
		2CB554CD2A4DC4F300CE2ACA /* tip_calculatorUITestsLaunchTests.swift */ = {isa = PBXFileReference; lastKnownFileType = sourcecode.swift; path = tip_calculatorUITestsLaunchTests.swift; sourceTree = "<group>"; };
		2CE26B432A4DCC4F00937437 /* LogoView.swift */ = {isa = PBXFileReference; lastKnownFileType = sourcecode.swift; path = LogoView.swift; sourceTree = "<group>"; };
		2CE26B452A4DCD3500937437 /* ResultView.swift */ = {isa = PBXFileReference; lastKnownFileType = sourcecode.swift; path = ResultView.swift; sourceTree = "<group>"; };
		2CE26B472A4DCD5200937437 /* BillInputView.swift */ = {isa = PBXFileReference; lastKnownFileType = sourcecode.swift; path = BillInputView.swift; sourceTree = "<group>"; };
		2CE26B492A4DCD6500937437 /* TipInputView.swift */ = {isa = PBXFileReference; lastKnownFileType = sourcecode.swift; path = TipInputView.swift; sourceTree = "<group>"; };
		2CE26B4B2A4DCD7900937437 /* SplitInputView.swift */ = {isa = PBXFileReference; lastKnownFileType = sourcecode.swift; path = SplitInputView.swift; sourceTree = "<group>"; };
		2CE26B4E2A4DD62200937437 /* ThemeColor.swift */ = {isa = PBXFileReference; lastKnownFileType = sourcecode.swift; path = ThemeColor.swift; sourceTree = "<group>"; };
		2CE26B502A4DD63100937437 /* ThemeFont.swift */ = {isa = PBXFileReference; lastKnownFileType = sourcecode.swift; path = ThemeFont.swift; sourceTree = "<group>"; };
		2CE26B532A4DD67600937437 /* UIColor+Extension.swift */ = {isa = PBXFileReference; lastKnownFileType = sourcecode.swift; path = "UIColor+Extension.swift"; sourceTree = "<group>"; };
		2CE26B562A4DDD1200937437 /* LabelFactory.swift */ = {isa = PBXFileReference; lastKnownFileType = sourcecode.swift; path = LabelFactory.swift; sourceTree = "<group>"; };
		2CE26B582A4E5A2F00937437 /* UIView+Extension.swift */ = {isa = PBXFileReference; lastKnownFileType = sourcecode.swift; path = "UIView+Extension.swift"; sourceTree = "<group>"; };
		2CE26B5A2A4E6B3700937437 /* AmountView.swift */ = {isa = PBXFileReference; lastKnownFileType = sourcecode.swift; path = AmountView.swift; sourceTree = "<group>"; };
		2CE26B5D2A4E79E200937437 /* HeaderView.swift */ = {isa = PBXFileReference; lastKnownFileType = sourcecode.swift; path = HeaderView.swift; sourceTree = "<group>"; };
		2CE26B602A4E80B300937437 /* Tip.swift */ = {isa = PBXFileReference; lastKnownFileType = sourcecode.swift; path = Tip.swift; sourceTree = "<group>"; };
		2CE26B632A4E911F00937437 /* CalculatorVM.swift */ = {isa = PBXFileReference; lastKnownFileType = sourcecode.swift; path = CalculatorVM.swift; sourceTree = "<group>"; };
		2CE26B652A4EB5D300937437 /* Result.swift */ = {isa = PBXFileReference; lastKnownFileType = sourcecode.swift; path = Result.swift; sourceTree = "<group>"; };
		2CE26B672A4EBB7000937437 /* String+Extension.swift */ = {isa = PBXFileReference; lastKnownFileType = sourcecode.swift; path = "String+Extension.swift"; sourceTree = "<group>"; };
		2CE26B692A4EC52A00937437 /* UIResponder+Extension.swift */ = {isa = PBXFileReference; lastKnownFileType = sourcecode.swift; path = "UIResponder+Extension.swift"; sourceTree = "<group>"; };
/* End PBXFileReference section */

/* Begin PBXFrameworksBuildPhase section */
		2CB554A42A4DC4F200CE2ACA /* Frameworks */ = {
			isa = PBXFrameworksBuildPhase;
			buildActionMask = 2147483647;
			files = (
				2CB554DC2A4DC56B00CE2ACA /* CombineCocoa in Frameworks */,
				2CE26B392A4DC5B600937437 /* SnapKit in Frameworks */,
			);
			runOnlyForDeploymentPostprocessing = 0;
		};
		2CB554BA2A4DC4F300CE2ACA /* Frameworks */ = {
			isa = PBXFrameworksBuildPhase;
			buildActionMask = 2147483647;
			files = (
				2CE26B3C2A4DC5F000937437 /* CombineCocoa in Frameworks */,
				2CE26B3F2A4DC62200937437 /* SnapshotTesting in Frameworks */,
			);
			runOnlyForDeploymentPostprocessing = 0;
		};
		2CB554C42A4DC4F300CE2ACA /* Frameworks */ = {
			isa = PBXFrameworksBuildPhase;
			buildActionMask = 2147483647;
			files = (
				2CE26B412A4DC65600937437 /* CombineCocoa in Frameworks */,
			);
			runOnlyForDeploymentPostprocessing = 0;
		};
/* End PBXFrameworksBuildPhase section */

/* Begin PBXGroup section */
		2CA76BE62A4F0CE100CD7937 /* Resource */ = {
			isa = PBXGroup;
			children = (
				2CA76BE72A4F0D1200CD7937 /* click.m4a */,
			);
			path = Resource;
			sourceTree = "<group>";
		};
		2CA76BE92A4F0D3B00CD7937 /* Service */ = {
			isa = PBXGroup;
			children = (
				2CA76BEA2A4F0D4B00CD7937 /* AudioPlayerService.swift */,
			);
			path = Service;
			sourceTree = "<group>";
		};
		2CB5549E2A4DC4F200CE2ACA = {
			isa = PBXGroup;
			children = (
				2C062CA92A4F249B002020BB /* tip-calculator.xctestplan */,
				2CB554A92A4DC4F200CE2ACA /* tip-calculator */,
				2CB554C02A4DC4F300CE2ACA /* tip-calculatorTests */,
				2CB554CA2A4DC4F300CE2ACA /* tip-calculatorUITests */,
				2CB554A82A4DC4F200CE2ACA /* Products */,
				2CE26B3A2A4DC5F000937437 /* Frameworks */,
			);
			sourceTree = "<group>";
		};
		2CB554A82A4DC4F200CE2ACA /* Products */ = {
			isa = PBXGroup;
			children = (
				2CB554A72A4DC4F200CE2ACA /* tip-calculator.app */,
				2CB554BD2A4DC4F300CE2ACA /* tip-calculatorTests.xctest */,
				2CB554C72A4DC4F300CE2ACA /* tip-calculatorUITests.xctest */,
			);
			name = Products;
			sourceTree = "<group>";
		};
		2CB554A92A4DC4F200CE2ACA /* tip-calculator */ = {
			isa = PBXGroup;
			children = (
				2CA76BE92A4F0D3B00CD7937 /* Service */,
				2CA76BE62A4F0CE100CD7937 /* Resource */,
				2CE26B5F2A4E80A400937437 /* Model */,
				2CE26B552A4DDCEE00937437 /* Factory */,
				2CE26B522A4DD66500937437 /* Extension */,
				2CE26B4D2A4DD60F00937437 /* Config */,
				2CE26B422A4DCC3E00937437 /* Views */,
				2CE26B622A4E910500937437 /* ViewModel */,
				2CB554AA2A4DC4F200CE2ACA /* AppDelegate.swift */,
				2CB554AC2A4DC4F200CE2ACA /* SceneDelegate.swift */,
				2CB554AE2A4DC4F200CE2ACA /* CalculatorVC.swift */,
				2CB554B32A4DC4F300CE2ACA /* Assets.xcassets */,
				2CB554B52A4DC4F300CE2ACA /* LaunchScreen.storyboard */,
				2CB554B82A4DC4F300CE2ACA /* Info.plist */,
			);
			path = "tip-calculator";
			sourceTree = "<group>";
		};
		2CB554C02A4DC4F300CE2ACA /* tip-calculatorTests */ = {
			isa = PBXGroup;
			children = (
				2CB554C12A4DC4F300CE2ACA /* tip_calculatorTests.swift */,
				2C062CAA2A4F2ED7002020BB /* tip_calculatorSnapshotTests.swift */,
			);
			path = "tip-calculatorTests";
			sourceTree = "<group>";
		};
		2CB554CA2A4DC4F300CE2ACA /* tip-calculatorUITests */ = {
			isa = PBXGroup;
			children = (
				2CB554CB2A4DC4F300CE2ACA /* tip_calculatorUITests.swift */,
				2CB554CD2A4DC4F300CE2ACA /* tip_calculatorUITestsLaunchTests.swift */,
			);
			path = "tip-calculatorUITests";
			sourceTree = "<group>";
		};
		2CE26B3A2A4DC5F000937437 /* Frameworks */ = {
			isa = PBXGroup;
			children = (
			);
			name = Frameworks;
			sourceTree = "<group>";
		};
		2CE26B422A4DCC3E00937437 /* Views */ = {
			isa = PBXGroup;
			children = (
				2CE26B432A4DCC4F00937437 /* LogoView.swift */,
				2CE26B452A4DCD3500937437 /* ResultView.swift */,
				2CE26B472A4DCD5200937437 /* BillInputView.swift */,
				2CE26B492A4DCD6500937437 /* TipInputView.swift */,
				2CE26B4B2A4DCD7900937437 /* SplitInputView.swift */,
				2CE26B5C2A4E77DC00937437 /* Customs */,
			);
			path = Views;
			sourceTree = "<group>";
		};
		2CE26B4D2A4DD60F00937437 /* Config */ = {
			isa = PBXGroup;
			children = (
				2CE26B4E2A4DD62200937437 /* ThemeColor.swift */,
				2CE26B502A4DD63100937437 /* ThemeFont.swift */,
			);
			path = Config;
			sourceTree = "<group>";
		};
		2CE26B522A4DD66500937437 /* Extension */ = {
			isa = PBXGroup;
			children = (
				2CE26B532A4DD67600937437 /* UIColor+Extension.swift */,
				2CE26B582A4E5A2F00937437 /* UIView+Extension.swift */,
				2CE26B672A4EBB7000937437 /* String+Extension.swift */,
				2CE26B692A4EC52A00937437 /* UIResponder+Extension.swift */,
				2CA76BE22A4ED3E300CD7937 /* Int+Extension.swift */,
				2CA76BE42A4F00C400CD7937 /* Double+Extension.swift */,
			);
			path = Extension;
			sourceTree = "<group>";
		};
		2CE26B552A4DDCEE00937437 /* Factory */ = {
			isa = PBXGroup;
			children = (
				2CE26B562A4DDD1200937437 /* LabelFactory.swift */,
			);
			path = Factory;
			sourceTree = "<group>";
		};
		2CE26B5C2A4E77DC00937437 /* Customs */ = {
			isa = PBXGroup;
			children = (
				2CE26B5A2A4E6B3700937437 /* AmountView.swift */,
				2CE26B5D2A4E79E200937437 /* HeaderView.swift */,
			);
			path = Customs;
			sourceTree = "<group>";
		};
		2CE26B5F2A4E80A400937437 /* Model */ = {
			isa = PBXGroup;
			children = (
				2CE26B602A4E80B300937437 /* Tip.swift */,
				2CE26B652A4EB5D300937437 /* Result.swift */,
			);
			path = Model;
			sourceTree = "<group>";
		};
		2CE26B622A4E910500937437 /* ViewModel */ = {
			isa = PBXGroup;
			children = (
				2CE26B632A4E911F00937437 /* CalculatorVM.swift */,
			);
			path = ViewModel;
			sourceTree = "<group>";
		};
/* End PBXGroup section */

/* Begin PBXNativeTarget section */
		2CB554A62A4DC4F200CE2ACA /* tip-calculator */ = {
			isa = PBXNativeTarget;
			buildConfigurationList = 2CB554D12A4DC4F300CE2ACA /* Build configuration list for PBXNativeTarget "tip-calculator" */;
			buildPhases = (
				2CB554A32A4DC4F200CE2ACA /* Sources */,
				2CB554A42A4DC4F200CE2ACA /* Frameworks */,
				2CB554A52A4DC4F200CE2ACA /* Resources */,
			);
			buildRules = (
			);
			dependencies = (
			);
			name = "tip-calculator";
			packageProductDependencies = (
				2CB554DB2A4DC56B00CE2ACA /* CombineCocoa */,
				2CE26B382A4DC5B600937437 /* SnapKit */,
			);
			productName = "tip-calculator";
			productReference = 2CB554A72A4DC4F200CE2ACA /* tip-calculator.app */;
			productType = "com.apple.product-type.application";
		};
		2CB554BC2A4DC4F300CE2ACA /* tip-calculatorTests */ = {
			isa = PBXNativeTarget;
			buildConfigurationList = 2CB554D42A4DC4F300CE2ACA /* Build configuration list for PBXNativeTarget "tip-calculatorTests" */;
			buildPhases = (
				2CB554B92A4DC4F300CE2ACA /* Sources */,
				2CB554BA2A4DC4F300CE2ACA /* Frameworks */,
				2CB554BB2A4DC4F300CE2ACA /* Resources */,
			);
			buildRules = (
			);
			dependencies = (
				2CB554BF2A4DC4F300CE2ACA /* PBXTargetDependency */,
			);
			name = "tip-calculatorTests";
			packageProductDependencies = (
				2CE26B3B2A4DC5F000937437 /* CombineCocoa */,
				2CE26B3E2A4DC62200937437 /* SnapshotTesting */,
			);
			productName = "tip-calculatorTests";
			productReference = 2CB554BD2A4DC4F300CE2ACA /* tip-calculatorTests.xctest */;
			productType = "com.apple.product-type.bundle.unit-test";
		};
		2CB554C62A4DC4F300CE2ACA /* tip-calculatorUITests */ = {
			isa = PBXNativeTarget;
			buildConfigurationList = 2CB554D72A4DC4F300CE2ACA /* Build configuration list for PBXNativeTarget "tip-calculatorUITests" */;
			buildPhases = (
				2CB554C32A4DC4F300CE2ACA /* Sources */,
				2CB554C42A4DC4F300CE2ACA /* Frameworks */,
				2CB554C52A4DC4F300CE2ACA /* Resources */,
			);
			buildRules = (
			);
			dependencies = (
				2CB554C92A4DC4F300CE2ACA /* PBXTargetDependency */,
			);
			name = "tip-calculatorUITests";
			packageProductDependencies = (
				2CE26B402A4DC65600937437 /* CombineCocoa */,
			);
			productName = "tip-calculatorUITests";
			productReference = 2CB554C72A4DC4F300CE2ACA /* tip-calculatorUITests.xctest */;
			productType = "com.apple.product-type.bundle.ui-testing";
		};
/* End PBXNativeTarget section */

/* Begin PBXProject section */
		2CB5549F2A4DC4F200CE2ACA /* Project object */ = {
			isa = PBXProject;
			attributes = {
				BuildIndependentTargetsInParallel = 1;
				LastSwiftUpdateCheck = 1430;
				LastUpgradeCheck = 1430;
				TargetAttributes = {
					2CB554A62A4DC4F200CE2ACA = {
						CreatedOnToolsVersion = 14.3.1;
					};
					2CB554BC2A4DC4F300CE2ACA = {
						CreatedOnToolsVersion = 14.3.1;
						TestTargetID = 2CB554A62A4DC4F200CE2ACA;
					};
					2CB554C62A4DC4F300CE2ACA = {
						CreatedOnToolsVersion = 14.3.1;
						TestTargetID = 2CB554A62A4DC4F200CE2ACA;
					};
				};
			};
			buildConfigurationList = 2CB554A22A4DC4F200CE2ACA /* Build configuration list for PBXProject "tip-calculator" */;
			compatibilityVersion = "Xcode 14.0";
			developmentRegion = en;
			hasScannedForEncodings = 0;
			knownRegions = (
				en,
				Base,
			);
			mainGroup = 2CB5549E2A4DC4F200CE2ACA;
			packageReferences = (
				2CB554DA2A4DC56B00CE2ACA /* XCRemoteSwiftPackageReference "CombineCocoa" */,
				2CE26B372A4DC5B600937437 /* XCRemoteSwiftPackageReference "SnapKit" */,
				2CE26B3D2A4DC62200937437 /* XCRemoteSwiftPackageReference "swift-snapshot-testing" */,
			);
			productRefGroup = 2CB554A82A4DC4F200CE2ACA /* Products */;
			projectDirPath = "";
			projectRoot = "";
			targets = (
				2CB554A62A4DC4F200CE2ACA /* tip-calculator */,
				2CB554BC2A4DC4F300CE2ACA /* tip-calculatorTests */,
				2CB554C62A4DC4F300CE2ACA /* tip-calculatorUITests */,
			);
		};
/* End PBXProject section */

/* Begin PBXResourcesBuildPhase section */
		2CB554A52A4DC4F200CE2ACA /* Resources */ = {
			isa = PBXResourcesBuildPhase;
			buildActionMask = 2147483647;
			files = (
				2CA76BE82A4F0D1200CD7937 /* click.m4a in Resources */,
				2CB554B72A4DC4F300CE2ACA /* LaunchScreen.storyboard in Resources */,
				2CB554B42A4DC4F300CE2ACA /* Assets.xcassets in Resources */,
			);
			runOnlyForDeploymentPostprocessing = 0;
		};
		2CB554BB2A4DC4F300CE2ACA /* Resources */ = {
			isa = PBXResourcesBuildPhase;
			buildActionMask = 2147483647;
			files = (
			);
			runOnlyForDeploymentPostprocessing = 0;
		};
		2CB554C52A4DC4F300CE2ACA /* Resources */ = {
			isa = PBXResourcesBuildPhase;
			buildActionMask = 2147483647;
			files = (
			);
			runOnlyForDeploymentPostprocessing = 0;
		};
/* End PBXResourcesBuildPhase section */

/* Begin PBXSourcesBuildPhase section */
		2CB554A32A4DC4F200CE2ACA /* Sources */ = {
			isa = PBXSourcesBuildPhase;
			buildActionMask = 2147483647;
			files = (
				2CE26B662A4EB5D300937437 /* Result.swift in Sources */,
				2CE26B642A4E911F00937437 /* CalculatorVM.swift in Sources */,
				2CE26B6A2A4EC52A00937437 /* UIResponder+Extension.swift in Sources */,
				2CA76BE32A4ED3E300CD7937 /* Int+Extension.swift in Sources */,
				2CE26B5B2A4E6B3700937437 /* AmountView.swift in Sources */,
				2CE26B612A4E80B300937437 /* Tip.swift in Sources */,
				2CB554AF2A4DC4F200CE2ACA /* CalculatorVC.swift in Sources */,
				2CE26B592A4E5A2F00937437 /* UIView+Extension.swift in Sources */,
				2CE26B442A4DCC4F00937437 /* LogoView.swift in Sources */,
				2CE26B4F2A4DD62200937437 /* ThemeColor.swift in Sources */,
				2CE26B542A4DD67600937437 /* UIColor+Extension.swift in Sources */,
				2CE26B482A4DCD5200937437 /* BillInputView.swift in Sources */,
				2CA76BEB2A4F0D4B00CD7937 /* AudioPlayerService.swift in Sources */,
				2CE26B462A4DCD3500937437 /* ResultView.swift in Sources */,
				2CE26B682A4EBB7000937437 /* String+Extension.swift in Sources */,
				2CB554AB2A4DC4F200CE2ACA /* AppDelegate.swift in Sources */,
				2CE26B512A4DD63100937437 /* ThemeFont.swift in Sources */,
				2CA76BE52A4F00C400CD7937 /* Double+Extension.swift in Sources */,
				2CE26B5E2A4E79E200937437 /* HeaderView.swift in Sources */,
				2CB554AD2A4DC4F200CE2ACA /* SceneDelegate.swift in Sources */,
				2CE26B572A4DDD1200937437 /* LabelFactory.swift in Sources */,
				2CE26B4C2A4DCD7900937437 /* SplitInputView.swift in Sources */,
				2CE26B4A2A4DCD6500937437 /* TipInputView.swift in Sources */,
			);
			runOnlyForDeploymentPostprocessing = 0;
		};
		2CB554B92A4DC4F300CE2ACA /* Sources */ = {
			isa = PBXSourcesBuildPhase;
			buildActionMask = 2147483647;
			files = (
				2CB554C22A4DC4F300CE2ACA /* tip_calculatorTests.swift in Sources */,
				2C062CAB2A4F2ED7002020BB /* tip_calculatorSnapshotTests.swift in Sources */,
			);
			runOnlyForDeploymentPostprocessing = 0;
		};
		2CB554C32A4DC4F300CE2ACA /* Sources */ = {
			isa = PBXSourcesBuildPhase;
			buildActionMask = 2147483647;
			files = (
				2CB554CE2A4DC4F300CE2ACA /* tip_calculatorUITestsLaunchTests.swift in Sources */,
				2CB554CC2A4DC4F300CE2ACA /* tip_calculatorUITests.swift in Sources */,
			);
			runOnlyForDeploymentPostprocessing = 0;
		};
/* End PBXSourcesBuildPhase section */

/* Begin PBXTargetDependency section */
		2CB554BF2A4DC4F300CE2ACA /* PBXTargetDependency */ = {
			isa = PBXTargetDependency;
			target = 2CB554A62A4DC4F200CE2ACA /* tip-calculator */;
			targetProxy = 2CB554BE2A4DC4F300CE2ACA /* PBXContainerItemProxy */;
		};
		2CB554C92A4DC4F300CE2ACA /* PBXTargetDependency */ = {
			isa = PBXTargetDependency;
			target = 2CB554A62A4DC4F200CE2ACA /* tip-calculator */;
			targetProxy = 2CB554C82A4DC4F300CE2ACA /* PBXContainerItemProxy */;
		};
/* End PBXTargetDependency section */

/* Begin PBXVariantGroup section */
		2CB554B52A4DC4F300CE2ACA /* LaunchScreen.storyboard */ = {
			isa = PBXVariantGroup;
			children = (
				2CB554B62A4DC4F300CE2ACA /* Base */,
			);
			name = LaunchScreen.storyboard;
			sourceTree = "<group>";
		};
/* End PBXVariantGroup section */

/* Begin XCBuildConfiguration section */
		2CB554CF2A4DC4F300CE2ACA /* Debug */ = {
			isa = XCBuildConfiguration;
			buildSettings = {
				ALWAYS_SEARCH_USER_PATHS = NO;
				CLANG_ANALYZER_NONNULL = YES;
				CLANG_ANALYZER_NUMBER_OBJECT_CONVERSION = YES_AGGRESSIVE;
				CLANG_CXX_LANGUAGE_STANDARD = "gnu++20";
				CLANG_ENABLE_MODULES = YES;
				CLANG_ENABLE_OBJC_ARC = YES;
				CLANG_ENABLE_OBJC_WEAK = YES;
				CLANG_WARN_BLOCK_CAPTURE_AUTORELEASING = YES;
				CLANG_WARN_BOOL_CONVERSION = YES;
				CLANG_WARN_COMMA = YES;
				CLANG_WARN_CONSTANT_CONVERSION = YES;
				CLANG_WARN_DEPRECATED_OBJC_IMPLEMENTATIONS = YES;
				CLANG_WARN_DIRECT_OBJC_ISA_USAGE = YES_ERROR;
				CLANG_WARN_DOCUMENTATION_COMMENTS = YES;
				CLANG_WARN_EMPTY_BODY = YES;
				CLANG_WARN_ENUM_CONVERSION = YES;
				CLANG_WARN_INFINITE_RECURSION = YES;
				CLANG_WARN_INT_CONVERSION = YES;
				CLANG_WARN_NON_LITERAL_NULL_CONVERSION = YES;
				CLANG_WARN_OBJC_IMPLICIT_RETAIN_SELF = YES;
				CLANG_WARN_OBJC_LITERAL_CONVERSION = YES;
				CLANG_WARN_OBJC_ROOT_CLASS = YES_ERROR;
				CLANG_WARN_QUOTED_INCLUDE_IN_FRAMEWORK_HEADER = YES;
				CLANG_WARN_RANGE_LOOP_ANALYSIS = YES;
				CLANG_WARN_STRICT_PROTOTYPES = YES;
				CLANG_WARN_SUSPICIOUS_MOVE = YES;
				CLANG_WARN_UNGUARDED_AVAILABILITY = YES_AGGRESSIVE;
				CLANG_WARN_UNREACHABLE_CODE = YES;
				CLANG_WARN__DUPLICATE_METHOD_MATCH = YES;
				COPY_PHASE_STRIP = NO;
				DEBUG_INFORMATION_FORMAT = dwarf;
				ENABLE_STRICT_OBJC_MSGSEND = YES;
				ENABLE_TESTABILITY = YES;
				GCC_C_LANGUAGE_STANDARD = gnu11;
				GCC_DYNAMIC_NO_PIC = NO;
				GCC_NO_COMMON_BLOCKS = YES;
				GCC_OPTIMIZATION_LEVEL = 0;
				GCC_PREPROCESSOR_DEFINITIONS = (
					"DEBUG=1",
					"$(inherited)",
				);
				GCC_WARN_64_TO_32_BIT_CONVERSION = YES;
				GCC_WARN_ABOUT_RETURN_TYPE = YES_ERROR;
				GCC_WARN_UNDECLARED_SELECTOR = YES;
				GCC_WARN_UNINITIALIZED_AUTOS = YES_AGGRESSIVE;
				GCC_WARN_UNUSED_FUNCTION = YES;
				GCC_WARN_UNUSED_VARIABLE = YES;
				IPHONEOS_DEPLOYMENT_TARGET = 16.4;
				MTL_ENABLE_DEBUG_INFO = INCLUDE_SOURCE;
				MTL_FAST_MATH = YES;
				ONLY_ACTIVE_ARCH = YES;
				SDKROOT = iphoneos;
				SWIFT_ACTIVE_COMPILATION_CONDITIONS = DEBUG;
				SWIFT_OPTIMIZATION_LEVEL = "-Onone";
			};
			name = Debug;
		};
		2CB554D02A4DC4F300CE2ACA /* Release */ = {
			isa = XCBuildConfiguration;
			buildSettings = {
				ALWAYS_SEARCH_USER_PATHS = NO;
				CLANG_ANALYZER_NONNULL = YES;
				CLANG_ANALYZER_NUMBER_OBJECT_CONVERSION = YES_AGGRESSIVE;
				CLANG_CXX_LANGUAGE_STANDARD = "gnu++20";
				CLANG_ENABLE_MODULES = YES;
				CLANG_ENABLE_OBJC_ARC = YES;
				CLANG_ENABLE_OBJC_WEAK = YES;
				CLANG_WARN_BLOCK_CAPTURE_AUTORELEASING = YES;
				CLANG_WARN_BOOL_CONVERSION = YES;
				CLANG_WARN_COMMA = YES;
				CLANG_WARN_CONSTANT_CONVERSION = YES;
				CLANG_WARN_DEPRECATED_OBJC_IMPLEMENTATIONS = YES;
				CLANG_WARN_DIRECT_OBJC_ISA_USAGE = YES_ERROR;
				CLANG_WARN_DOCUMENTATION_COMMENTS = YES;
				CLANG_WARN_EMPTY_BODY = YES;
				CLANG_WARN_ENUM_CONVERSION = YES;
				CLANG_WARN_INFINITE_RECURSION = YES;
				CLANG_WARN_INT_CONVERSION = YES;
				CLANG_WARN_NON_LITERAL_NULL_CONVERSION = YES;
				CLANG_WARN_OBJC_IMPLICIT_RETAIN_SELF = YES;
				CLANG_WARN_OBJC_LITERAL_CONVERSION = YES;
				CLANG_WARN_OBJC_ROOT_CLASS = YES_ERROR;
				CLANG_WARN_QUOTED_INCLUDE_IN_FRAMEWORK_HEADER = YES;
				CLANG_WARN_RANGE_LOOP_ANALYSIS = YES;
				CLANG_WARN_STRICT_PROTOTYPES = YES;
				CLANG_WARN_SUSPICIOUS_MOVE = YES;
				CLANG_WARN_UNGUARDED_AVAILABILITY = YES_AGGRESSIVE;
				CLANG_WARN_UNREACHABLE_CODE = YES;
				CLANG_WARN__DUPLICATE_METHOD_MATCH = YES;
				COPY_PHASE_STRIP = NO;
				DEBUG_INFORMATION_FORMAT = "dwarf-with-dsym";
				ENABLE_NS_ASSERTIONS = NO;
				ENABLE_STRICT_OBJC_MSGSEND = YES;
				GCC_C_LANGUAGE_STANDARD = gnu11;
				GCC_NO_COMMON_BLOCKS = YES;
				GCC_WARN_64_TO_32_BIT_CONVERSION = YES;
				GCC_WARN_ABOUT_RETURN_TYPE = YES_ERROR;
				GCC_WARN_UNDECLARED_SELECTOR = YES;
				GCC_WARN_UNINITIALIZED_AUTOS = YES_AGGRESSIVE;
				GCC_WARN_UNUSED_FUNCTION = YES;
				GCC_WARN_UNUSED_VARIABLE = YES;
				IPHONEOS_DEPLOYMENT_TARGET = 16.4;
				MTL_ENABLE_DEBUG_INFO = NO;
				MTL_FAST_MATH = YES;
				SDKROOT = iphoneos;
				SWIFT_COMPILATION_MODE = wholemodule;
				SWIFT_OPTIMIZATION_LEVEL = "-O";
				VALIDATE_PRODUCT = YES;
			};
			name = Release;
		};
		2CB554D22A4DC4F300CE2ACA /* Debug */ = {
			isa = XCBuildConfiguration;
			buildSettings = {
				ASSETCATALOG_COMPILER_APPICON_NAME = AppIcon;
				ASSETCATALOG_COMPILER_GLOBAL_ACCENT_COLOR_NAME = AccentColor;
				CODE_SIGN_STYLE = Automatic;
				CURRENT_PROJECT_VERSION = 1;
				DEVELOPMENT_TEAM = A6799ZJFEN;
				GENERATE_INFOPLIST_FILE = YES;
				INFOPLIST_FILE = "tip-calculator/Info.plist";
				INFOPLIST_KEY_UIApplicationSupportsIndirectInputEvents = YES;
				INFOPLIST_KEY_UILaunchStoryboardName = LaunchScreen;
				INFOPLIST_KEY_UISupportedInterfaceOrientations = UIInterfaceOrientationPortrait;
				LD_RUNPATH_SEARCH_PATHS = (
					"$(inherited)",
					"@executable_path/Frameworks",
				);
				MARKETING_VERSION = 1.0;
				PRODUCT_BUNDLE_IDENTIFIER = "com.nghiatran2023.tip-calculator";
				PRODUCT_NAME = "$(TARGET_NAME)";
				SUPPORTED_PLATFORMS = "iphoneos iphonesimulator";
				SUPPORTS_MACCATALYST = NO;
				SUPPORTS_MAC_DESIGNED_FOR_IPHONE_IPAD = NO;
				SWIFT_EMIT_LOC_STRINGS = YES;
				SWIFT_VERSION = 5.0;
				TARGETED_DEVICE_FAMILY = "1,2";
			};
			name = Debug;
		};
		2CB554D32A4DC4F300CE2ACA /* Release */ = {
			isa = XCBuildConfiguration;
			buildSettings = {
				ASSETCATALOG_COMPILER_APPICON_NAME = AppIcon;
				ASSETCATALOG_COMPILER_GLOBAL_ACCENT_COLOR_NAME = AccentColor;
				CODE_SIGN_STYLE = Automatic;
				CURRENT_PROJECT_VERSION = 1;
				DEVELOPMENT_TEAM = A6799ZJFEN;
				GENERATE_INFOPLIST_FILE = YES;
				INFOPLIST_FILE = "tip-calculator/Info.plist";
				INFOPLIST_KEY_UIApplicationSupportsIndirectInputEvents = YES;
				INFOPLIST_KEY_UILaunchStoryboardName = LaunchScreen;
				INFOPLIST_KEY_UISupportedInterfaceOrientations = UIInterfaceOrientationPortrait;
				LD_RUNPATH_SEARCH_PATHS = (
					"$(inherited)",
					"@executable_path/Frameworks",
				);
				MARKETING_VERSION = 1.0;
				PRODUCT_BUNDLE_IDENTIFIER = "com.nghiatran2023.tip-calculator";
				PRODUCT_NAME = "$(TARGET_NAME)";
				SUPPORTED_PLATFORMS = "iphoneos iphonesimulator";
				SUPPORTS_MACCATALYST = NO;
				SUPPORTS_MAC_DESIGNED_FOR_IPHONE_IPAD = NO;
				SWIFT_EMIT_LOC_STRINGS = YES;
				SWIFT_VERSION = 5.0;
				TARGETED_DEVICE_FAMILY = "1,2";
			};
			name = Release;
		};
		2CB554D52A4DC4F300CE2ACA /* Debug */ = {
			isa = XCBuildConfiguration;
			buildSettings = {
				ALWAYS_EMBED_SWIFT_STANDARD_LIBRARIES = YES;
				BUNDLE_LOADER = "$(TEST_HOST)";
				CODE_SIGN_STYLE = Automatic;
				CURRENT_PROJECT_VERSION = 1;
				DEVELOPMENT_TEAM = A6799ZJFEN;
				GENERATE_INFOPLIST_FILE = YES;
				IPHONEOS_DEPLOYMENT_TARGET = 16.4;
				MARKETING_VERSION = 1.0;
				PRODUCT_BUNDLE_IDENTIFIER = "com.nghiatran2023.tip-calculatorTests";
				PRODUCT_NAME = "$(TARGET_NAME)";
				SWIFT_EMIT_LOC_STRINGS = NO;
				SWIFT_VERSION = 5.0;
				TARGETED_DEVICE_FAMILY = "1,2";
				TEST_HOST = "$(BUILT_PRODUCTS_DIR)/tip-calculator.app/$(BUNDLE_EXECUTABLE_FOLDER_PATH)/tip-calculator";
			};
			name = Debug;
		};
		2CB554D62A4DC4F300CE2ACA /* Release */ = {
			isa = XCBuildConfiguration;
			buildSettings = {
				ALWAYS_EMBED_SWIFT_STANDARD_LIBRARIES = YES;
				BUNDLE_LOADER = "$(TEST_HOST)";
				CODE_SIGN_STYLE = Automatic;
				CURRENT_PROJECT_VERSION = 1;
				DEVELOPMENT_TEAM = A6799ZJFEN;
				GENERATE_INFOPLIST_FILE = YES;
				IPHONEOS_DEPLOYMENT_TARGET = 16.4;
				MARKETING_VERSION = 1.0;
				PRODUCT_BUNDLE_IDENTIFIER = "com.nghiatran2023.tip-calculatorTests";
				PRODUCT_NAME = "$(TARGET_NAME)";
				SWIFT_EMIT_LOC_STRINGS = NO;
				SWIFT_VERSION = 5.0;
				TARGETED_DEVICE_FAMILY = "1,2";
				TEST_HOST = "$(BUILT_PRODUCTS_DIR)/tip-calculator.app/$(BUNDLE_EXECUTABLE_FOLDER_PATH)/tip-calculator";
			};
			name = Release;
		};
		2CB554D82A4DC4F300CE2ACA /* Debug */ = {
			isa = XCBuildConfiguration;
			buildSettings = {
				ALWAYS_EMBED_SWIFT_STANDARD_LIBRARIES = YES;
				CODE_SIGN_STYLE = Automatic;
				CURRENT_PROJECT_VERSION = 1;
				DEVELOPMENT_TEAM = A6799ZJFEN;
				GENERATE_INFOPLIST_FILE = YES;
				MARKETING_VERSION = 1.0;
				PRODUCT_BUNDLE_IDENTIFIER = "com.nghiatran2023.tip-calculatorUITests";
				PRODUCT_NAME = "$(TARGET_NAME)";
				SWIFT_EMIT_LOC_STRINGS = NO;
				SWIFT_VERSION = 5.0;
				TARGETED_DEVICE_FAMILY = "1,2";
				TEST_TARGET_NAME = "tip-calculator";
			};
			name = Debug;
		};
		2CB554D92A4DC4F300CE2ACA /* Release */ = {
			isa = XCBuildConfiguration;
			buildSettings = {
				ALWAYS_EMBED_SWIFT_STANDARD_LIBRARIES = YES;
				CODE_SIGN_STYLE = Automatic;
				CURRENT_PROJECT_VERSION = 1;
				DEVELOPMENT_TEAM = A6799ZJFEN;
				GENERATE_INFOPLIST_FILE = YES;
				MARKETING_VERSION = 1.0;
				PRODUCT_BUNDLE_IDENTIFIER = "com.nghiatran2023.tip-calculatorUITests";
				PRODUCT_NAME = "$(TARGET_NAME)";
				SWIFT_EMIT_LOC_STRINGS = NO;
				SWIFT_VERSION = 5.0;
				TARGETED_DEVICE_FAMILY = "1,2";
				TEST_TARGET_NAME = "tip-calculator";
			};
			name = Release;
		};
/* End XCBuildConfiguration section */

/* Begin XCConfigurationList section */
		2CB554A22A4DC4F200CE2ACA /* Build configuration list for PBXProject "tip-calculator" */ = {
			isa = XCConfigurationList;
			buildConfigurations = (
				2CB554CF2A4DC4F300CE2ACA /* Debug */,
				2CB554D02A4DC4F300CE2ACA /* Release */,
			);
			defaultConfigurationIsVisible = 0;
			defaultConfigurationName = Release;
		};
		2CB554D12A4DC4F300CE2ACA /* Build configuration list for PBXNativeTarget "tip-calculator" */ = {
			isa = XCConfigurationList;
			buildConfigurations = (
				2CB554D22A4DC4F300CE2ACA /* Debug */,
				2CB554D32A4DC4F300CE2ACA /* Release */,
			);
			defaultConfigurationIsVisible = 0;
			defaultConfigurationName = Release;
		};
		2CB554D42A4DC4F300CE2ACA /* Build configuration list for PBXNativeTarget "tip-calculatorTests" */ = {
			isa = XCConfigurationList;
			buildConfigurations = (
				2CB554D52A4DC4F300CE2ACA /* Debug */,
				2CB554D62A4DC4F300CE2ACA /* Release */,
			);
			defaultConfigurationIsVisible = 0;
			defaultConfigurationName = Release;
		};
		2CB554D72A4DC4F300CE2ACA /* Build configuration list for PBXNativeTarget "tip-calculatorUITests" */ = {
			isa = XCConfigurationList;
			buildConfigurations = (
				2CB554D82A4DC4F300CE2ACA /* Debug */,
				2CB554D92A4DC4F300CE2ACA /* Release */,
			);
			defaultConfigurationIsVisible = 0;
			defaultConfigurationName = Release;
		};
/* End XCConfigurationList section */

/* Begin XCRemoteSwiftPackageReference section */
		2CB554DA2A4DC56B00CE2ACA /* XCRemoteSwiftPackageReference "CombineCocoa" */ = {
			isa = XCRemoteSwiftPackageReference;
			repositoryURL = "https://github.com/CombineCommunity/CombineCocoa";
			requirement = {
				kind = exactVersion;
				version = 0.4.1;
			};
		};
		2CE26B372A4DC5B600937437 /* XCRemoteSwiftPackageReference "SnapKit" */ = {
			isa = XCRemoteSwiftPackageReference;
			repositoryURL = "https://github.com/SnapKit/SnapKit";
			requirement = {
				kind = exactVersion;
				version = 5.6.0;
			};
		};
		2CE26B3D2A4DC62200937437 /* XCRemoteSwiftPackageReference "swift-snapshot-testing" */ = {
			isa = XCRemoteSwiftPackageReference;
			repositoryURL = "https://github.com/pointfreeco/swift-snapshot-testing.git";
			requirement = {
				kind = exactVersion;
				version = 1.11.0;
			};
		};
/* End XCRemoteSwiftPackageReference section */

/* Begin XCSwiftPackageProductDependency section */
		2CB554DB2A4DC56B00CE2ACA /* CombineCocoa */ = {
			isa = XCSwiftPackageProductDependency;
			package = 2CB554DA2A4DC56B00CE2ACA /* XCRemoteSwiftPackageReference "CombineCocoa" */;
			productName = CombineCocoa;
		};
		2CE26B382A4DC5B600937437 /* SnapKit */ = {
			isa = XCSwiftPackageProductDependency;
			package = 2CE26B372A4DC5B600937437 /* XCRemoteSwiftPackageReference "SnapKit" */;
			productName = SnapKit;
		};
		2CE26B3B2A4DC5F000937437 /* CombineCocoa */ = {
			isa = XCSwiftPackageProductDependency;
			package = 2CB554DA2A4DC56B00CE2ACA /* XCRemoteSwiftPackageReference "CombineCocoa" */;
			productName = CombineCocoa;
		};
		2CE26B3E2A4DC62200937437 /* SnapshotTesting */ = {
			isa = XCSwiftPackageProductDependency;
			package = 2CE26B3D2A4DC62200937437 /* XCRemoteSwiftPackageReference "swift-snapshot-testing" */;
			productName = SnapshotTesting;
		};
		2CE26B402A4DC65600937437 /* CombineCocoa */ = {
			isa = XCSwiftPackageProductDependency;
			package = 2CB554DA2A4DC56B00CE2ACA /* XCRemoteSwiftPackageReference "CombineCocoa" */;
			productName = CombineCocoa;
		};
/* End XCSwiftPackageProductDependency section */
	};
	rootObject = 2CB5549F2A4DC4F200CE2ACA /* Project object */;
}
